# This file was autogenerated by uv via the following command:
#    uv pip compile requirements/optional.in --python-version 3.11 --output-file requirements/optional.lock
alabaster==1.0.0
    # via sphinx
annotated-doc==0.0.5
    # via typer
annotated-types==0.8.0
    # via pydantic
antlr4-python3-runtime==4.9.3
    # via
    #   linkml
    #   pyjsg
    #   pyshexc
anyio==4.15.1
    # via
    #   httpx
    #   httpx2
    #   langsmith
    #   mcp
    #   openai
    #   sse-starlette
    #   starlette
arrow==1.4.0
    # via isoduration
attrs==26.1.0
    # via
    #   jsonschema
    #   referencing
babel==2.18.0
    # via sphinx
backports-zstd==1.7.0
    # via pystow
certifi==2026.7.22
    # via
    #   httpcore
    #   httpx
    #   langchain-openai
    #   requests
cffi==2.1.1
    # via cryptography
cfgraph==0.2.1
    # via pyshex
chardet==7.6.0
    # via
    #   pyshex
    #   pyshexc
charset-normalizer==3.5.1
    # via requests
click==8.5.0
    # via
    #   json-flattener
    #   linkml
    #   linkml-runtime
    #   prefixcommons
    #   sphinx-click
    #   uvicorn
cryptography==50.0.1
    # via pyjwt
curies==0.15.1
    # via
    #   linkml-runtime
    #   prefixmaps
deprecated==1.3.1
    # via linkml-runtime
distro==1.9.0
    # via langsmith
docutils==0.22.4
    # via
    #   sphinx
    #   sphinx-click
et-xmlfile==2.0.0
    # via openpyxl
fqdn==1.5.1
    # via jsonschema
fsspec==2026.7.0
    # via neo4j-graphrag
graphviz==0.21
    # via linkml
h11==0.16.0
    # via
    #   httpcore
    #   httpcore2
    #   uvicorn
hbreader==0.9.1
    # via
    #   jsonasobj2
    #   linkml
    #   linkml-runtime
html5rdf==1.2.1
    # via rdflib
httpcore==1.0.9
    # via httpx
httpcore2==2.13.0
    # via httpx2
httpx==0.28.1
    # via
    #   langchain-core
    #   langgraph-sdk
    #   mcp
httpx-sse==0.4.3
    # via mcp
httpx2==2.13.0
    # via
    #   langsmith
    #   openai
idna==3.19
    # via
    #   anyio
    #   httpx
    #   httpx2
    #   jsonschema
    #   requests
imagesize==2.0.1
    # via sphinx
importlib-metadata==9.0.1
    # via pyshacl
iniconfig==2.3.0
    # via pytest
isodate==0.7.2
    # via linkml
isoduration==20.11.0
    # via jsonschema
jinja2==3.1.6
    # via
    #   linkml
    #   sphinx
jiter==0.17.0
    # via openai
json-flattener==0.1.9
    # via linkml-runtime
json-repair==0.63.4
    # via neo4j-graphrag
jsonasobj==1.3.1
    # via
    #   pyjsg
    #   pyshexc
jsonasobj2==1.0.4
    # via
    #   linkml
    #   linkml-runtime
jsonpatch==1.33
    # via langchain-core
jsonpointer==3.1.1
    # via
    #   jsonpatch
    #   jsonschema
jsonschema==4.26.0
    # via
    #   linkml
    #   linkml-runtime
    #   mcp
jsonschema-specifications==2025.9.1
    # via jsonschema
langchain-classic==1.0.8
    # via langchain-neo4j
langchain-core==1.6.3
    # via
    #   -r requirements/optional.in
    #   langchain-classic
    #   langchain-neo4j
    #   langchain-openai
    #   langchain-text-splitters
    #   langgraph
    #   langgraph-checkpoint
    #   langgraph-prebuilt
    #   langgraph-sdk
langchain-neo4j==0.10.0
    # via -r requirements/optional.in
langchain-openai==1.6.2
    # via -r requirements/optional.in
langchain-protocol==0.0.19
    # via
    #   langchain-core
    #   langgraph-sdk
langchain-text-splitters==1.1.2
    # via langchain-classic
langgraph==1.2.11
    # via langchain-neo4j
langgraph-checkpoint==4.2.0
    # via
    #   langgraph
    #   langgraph-prebuilt
langgraph-prebuilt==1.1.0
    # via langgraph
langgraph-sdk==0.4.4
    # via langgraph
langsmith==0.12.5
    # via
    #   langchain-classic
    #   langchain-core
linkml==1.11.1
    # via -r requirements/optional.in
linkml-runtime==1.11.1
    # via
    #   -r requirements/optional.in
    #   linkml
markdown-it-py==4.2.0
    # via rich
markupsafe==3.0.3
    # via jinja2
mcp==1.30.0
    # via -r requirements/optional.in
mdurl==0.1.2
    # via markdown-it-py
neo4j==6.3.1
    # via
    #   -r requirements/optional.in
    #   langchain-neo4j
    #   neo4j-graphrag
neo4j-graphrag==1.19.0
    # via langchain-neo4j
numpy==2.4.6
    # via
    #   neo4j-graphrag
    #   scipy
openai==3.14.1
    # via langchain-openai
openpyxl==3.1.5
    # via linkml
orjson==3.12.0
    # via
    #   langgraph-sdk
    #   langsmith
ormsgpack==1.12.2
    # via langgraph-checkpoint
owlrl==7.6.2
    # via pyshacl
packaging==26.3
    # via
    #   langchain-core
    #   langsmith
    #   pyshacl
    #   pytest
    #   sphinx
parse==1.22.1
    # via linkml
pluggy==1.6.0
    # via pytest
prefixcommons==0.1.12
    # via
    #   linkml
    #   linkml-runtime
prefixmaps==0.2.6
    # via
    #   linkml
    #   linkml-runtime
prettytable==3.18.0
    # via pyshacl
pycparser==3.0
    # via cffi
pydantic==2.13.5
    # via
    #   curies
    #   langchain-classic
    #   langchain-core
    #   langgraph
    #   langsmith
    #   linkml
    #   linkml-runtime
    #   mcp
    #   neo4j-graphrag
    #   openai
    #   pydantic-settings
pydantic-core==2.46.5
    # via pydantic
pydantic-settings==2.15.0
    # via mcp
pygments==2.21.0
    # via
    #   pytest
    #   rich
    #   sphinx
pyjsg==0.12.4
    # via
    #   linkml
    #   pyshexc
    #   shexjsg
pyjwt==2.14.0
    # via mcp
pyparsing==3.3.2
    # via rdflib
pypdf==6.19.0
    # via neo4j-graphrag
pyshacl==0.40.1
    # via -r requirements/core.in
pyshex==0.9.0
    # via linkml
pyshexc==0.10.3.post1
    # via
    #   linkml
    #   pyshex
pystow==0.9.4
    # via curies
pytest==9.1.1
    # via pytest-logging
pytest-logging==2015.11.4
    # via prefixcommons
python-dateutil==2.9.0.post0
    # via
    #   arrow
    #   linkml
python-dotenv==1.2.3
    # via
    #   -r requirements/optional.in
    #   pydantic-settings
python-multipart==0.0.32
    # via mcp
pytz==2026.3.post1
    # via neo4j
pyyaml==6.0.3
    # via
    #   -r requirements/core.in
    #   json-flattener
    #   langchain-classic
    #   langchain-core
    #   linkml
    #   linkml-runtime
    #   neo4j-graphrag
    #   prefixcommons
    #   prefixmaps
rdflib==7.6.0
    # via
    #   -r requirements/core.in
    #   cfgraph
    #   linkml
    #   linkml-runtime
    #   owlrl
    #   pyshacl
    #   rdflib-jsonld
    #   rdflib-shim
    #   sparqlslurper
    #   sparqlwrapper
rdflib-jsonld==0.6.1
    # via rdflib-shim
rdflib-shim==1.0.3
    # via
    #   pyshex
    #   pyshexc
    #   sparqlslurper
referencing==0.37.0
    # via
    #   jsonschema
    #   jsonschema-specifications
regex==2026.9.10
    # via tiktoken
requests==2.34.2
    # via
    #   langchain-classic
    #   langsmith
    #   linkml
    #   linkml-runtime
    #   prefixcommons
    #   pyjsg
    #   pyshex
    #   requests-toolbelt
    #   sphinx
    #   tiktoken
requests-toolbelt==1.0.0
    # via langsmith
rfc3339-validator==0.1.4
    # via jsonschema
rfc3987==1.3.8
    # via jsonschema
rich==15.0.0
    # via typer
roman-numerals==4.1.0
    # via sphinx
rpds-py==2026.6.3
    # via
    #   jsonschema
    #   referencing
scipy==1.17.1
    # via neo4j-graphrag
shellingham==1.5.4
    # via typer
shexjsg==0.9.0
    # via
    #   pyshex
    #   pyshexc
six==1.17.0
    # via
    #   python-dateutil
    #   rfc3339-validator
sniffio==1.3.1
    # via
    #   langsmith
    #   openai
snowballstemmer==3.1.1
    # via sphinx
sparqlslurper==0.5.1
    # via pyshex
sparqlwrapper==2.0.0
    # via
    #   pyshex
    #   sparqlslurper
sphinx==9.0.4
    # via sphinx-click
sphinx-click==6.2.0
    # via linkml
sphinxcontrib-applehelp==2.0.0
    # via sphinx
sphinxcontrib-devhelp==2.0.0
    # via sphinx
sphinxcontrib-htmlhelp==2.1.0
    # via sphinx
sphinxcontrib-jsmath==1.0.1
    # via sphinx
sphinxcontrib-qthelp==2.0.0
    # via sphinx
sphinxcontrib-serializinghtml==2.0.0
    # via sphinx
sqlalchemy==2.0.54
    # via
    #   langchain-classic
    #   linkml
sse-starlette==3.4.11
    # via mcp
starlette==1.6.0
    # via
    #   mcp
    #   sse-starlette
tenacity==9.1.4
    # via
    #   langchain-core
    #   neo4j-graphrag
tiktoken==0.14.0
    # via langchain-openai
tqdm==4.70.1
    # via pystow
truststore==0.10.4
    # via
    #   httpcore2
    #   httpx2
typer==0.27.2
    # via -r requirements/core.in
types-pyyaml==6.0.12.20260906
    # via neo4j-graphrag
typing-extensions==4.16.0
    # via
    #   anyio
    #   curies
    #   httpx2
    #   langchain-core
    #   langchain-protocol
    #   langsmith
    #   linkml
    #   mcp
    #   openai
    #   pydantic
    #   pydantic-core
    #   pystow
    #   referencing
    #   sqlalchemy
    #   starlette
    #   typing-inspection
typing-inspection==0.4.4
    # via
    #   mcp
    #   pydantic
    #   pydantic-settings
tzdata==2026.4
    # via arrow
uri-template==1.3.0
    # via jsonschema
urllib3==2.8.0
    # via
    #   pyshex
    #   requests
uuid-utils==0.17.1
    # via
    #   langchain-core
    #   langsmith
uvicorn==0.53.0
    # via mcp
watchdog==6.0.0
    # via linkml
wcwidth==0.8.3
    # via prettytable
webcolors==25.10.0
    # via jsonschema
websockets==16.1.1
    # via
    #   langgraph-sdk
    #   langsmith
wrapt==2.4.1
    # via deprecated
xxhash==4.0.1
    # via
    #   langgraph
    #   langsmith
zipp==4.1.0
    # via importlib-metadata
zstandard==0.25.0
    # via langsmith
